
Microsoft Visual Studio Solution File, Format Version 12.00
# Visual Studio Version 16
VisualStudioVersion = 25.0.1706.5
MinimumVisualStudioVersion = 10.0.40219.1
Project("{FAE04EC0-301F-11D3-BF4B-00C04F79EFBC}") = "HW_classes", "HW_classes\HW_classes.csproj", "{BB399FCC-6614-4966-9704-3A7B21E24281}"
EndProject
Global
	GlobalSection(SolutionConfigurationPlatforms) = preSolution
		Debug|Any CPU = Debug|Any CPU
		Release|Any CPU = Release|Any CPU
	EndGlobalSection
	GlobalSection(ProjectConfigurationPlatforms) = postSolution
		{BB399FCC-6614-4966-9704-3A7B21E24281}.Debug|Any CPU.ActiveCfg = Debug|Any CPU
		{BB399FCC-6614-4966-9704-3A7B21E24281}.Debug|Any CPU.Build.0 = Debug|Any CPU
		{BB399FCC-6614-4966-9704-3A7B21E24281}.Release|Any CPU.ActiveCfg = Release|Any CPU
		{BB399FCC-6614-4966-9704-3A7B21E24281}.Release|Any CPU.Build.0 = Release|Any CPU
	EndGlobalSection
	GlobalSection(SolutionProperties) = preSolution
		HideSolutionNode = FALSE
	EndGlobalSection
	GlobalSection(ExtensibilityGlobals) = postSolution
		SolutionGuid = {5ECFB2F9-8D7A-41A2-82A3-4747F9E13AD2}
	EndGlobalSection
EndGlobal
